
Microsoft Visual Studio Solution File, Format Version 12.00
Project("{FAE04EC0-301F-11D3-BF4B-00C04F79EFBC}") = "GraphService", "GraphService\GraphService.csproj", "{39582E99-0A52-4BB4-9F68-8B2D93F23C51}"
EndProject
Global
	GlobalSection(SolutionConfigurationPlatforms) = preSolution
		Debug|Any CPU = Debug|Any CPU
		Release|Any CPU = Release|Any CPU
	EndGlobalSection
	GlobalSection(ProjectConfigurationPlatforms) = postSolution
		{39582E99-0A52-4BB4-9F68-8B2D93F23C51}.Debug|Any CPU.ActiveCfg = Debug|Any CPU
		{39582E99-0A52-4BB4-9F68-8B2D93F23C51}.Debug|Any CPU.Build.0 = Debug|Any CPU
		{39582E99-0A52-4BB4-9F68-8B2D93F23C51}.Release|Any CPU.ActiveCfg = Release|Any CPU
		{39582E99-0A52-4BB4-9F68-8B2D93F23C51}.Release|Any CPU.Build.0 = Release|Any CPU
	EndGlobalSection
EndGlobal
